// !$*UTF8*$!
{
	archiveVersion = 1;
	classes = {
	};
	objectVersion = 51;
	objects = {

/* Begin PBXBuildFile section */
		B2B29F715C80199B18013F95 /* Pods_Unpause.framework in Frameworks */ = {isa = PBXBuildFile; fileRef = DE3FC3210F1CDFC45FF7DBE1 /* Pods_Unpause.framework */; };
		C102D7BA23ACCFB4000B9E80 /* Colors.xcassets in Resources */ = {isa = PBXBuildFile; fileRef = C102D7B923ACCFB4000B9E80 /* Colors.xcassets */; };
		C102D7BF23AD0063000B9E80 /* OrangeButton.swift in Sources */ = {isa = PBXBuildFile; fileRef = C102D7BE23AD0063000B9E80 /* OrangeButton.swift */; };
		C10F78D723A3D79200783476 /* ActivityIndicator.swift in Sources */ = {isa = PBXBuildFile; fileRef = C10F78C223A3D79200783476 /* ActivityIndicator.swift */; };
		C10F78D823A3D79200783476 /* UIImageView+Extension.swift in Sources */ = {isa = PBXBuildFile; fileRef = C10F78C423A3D79200783476 /* UIImageView+Extension.swift */; };
		C10F78D923A3D79200783476 /* UIFont+Extension.swift in Sources */ = {isa = PBXBuildFile; fileRef = C10F78C523A3D79200783476 /* UIFont+Extension.swift */; };
		C10F78DA23A3D79200783476 /* UIColor+Extension.swift in Sources */ = {isa = PBXBuildFile; fileRef = C10F78C623A3D79200783476 /* UIColor+Extension.swift */; };
		C10F78DB23A3D79200783476 /* UILabel+Extension.swift in Sources */ = {isa = PBXBuildFile; fileRef = C10F78C723A3D79200783476 /* UILabel+Extension.swift */; };
		C10F78DC23A3D79200783476 /* Thread+Extension.swift in Sources */ = {isa = PBXBuildFile; fileRef = C10F78C823A3D79200783476 /* Thread+Extension.swift */; };
		C10F78DD23A3D79200783476 /* UIButton+Extension.swift in Sources */ = {isa = PBXBuildFile; fileRef = C10F78C923A3D79200783476 /* UIButton+Extension.swift */; };
		C10F78DE23A3D79200783476 /* ObservableType+Extension.swift in Sources */ = {isa = PBXBuildFile; fileRef = C10F78CA23A3D79200783476 /* ObservableType+Extension.swift */; };
		C10F78DF23A3D79200783476 /* UIView+Extension.swift in Sources */ = {isa = PBXBuildFile; fileRef = C10F78CB23A3D79200783476 /* UIView+Extension.swift */; };
		C10F78E023A3D79200783476 /* UIImage+Extension.swift in Sources */ = {isa = PBXBuildFile; fileRef = C10F78CC23A3D79200783476 /* UIImage+Extension.swift */; };
		C10F78E123A3D79200783476 /* UIViewController+Extension.swift in Sources */ = {isa = PBXBuildFile; fileRef = C10F78CD23A3D79200783476 /* UIViewController+Extension.swift */; };
		C10F78E223A3D79200783476 /* UIScreen+Extension.swift in Sources */ = {isa = PBXBuildFile; fileRef = C10F78CE23A3D79200783476 /* UIScreen+Extension.swift */; };
		C10F78E323A3D79200783476 /* Bool+Extension.swift in Sources */ = {isa = PBXBuildFile; fileRef = C10F78CF23A3D79200783476 /* Bool+Extension.swift */; };
		C10F78E423A3D79200783476 /* UIStackView+Extension.swift in Sources */ = {isa = PBXBuildFile; fileRef = C10F78D023A3D79200783476 /* UIStackView+Extension.swift */; };
		C10F78E523A3D79200783476 /* UIScrollView+Extension.swift in Sources */ = {isa = PBXBuildFile; fileRef = C10F78D123A3D79200783476 /* UIScrollView+Extension.swift */; };
		C10F78E623A3D79200783476 /* CGSize+Extension.swift in Sources */ = {isa = PBXBuildFile; fileRef = C10F78D223A3D79200783476 /* CGSize+Extension.swift */; };
		C10F78E723A3D79200783476 /* UIButton+Rx.swift in Sources */ = {isa = PBXBuildFile; fileRef = C10F78D423A3D79200783476 /* UIButton+Rx.swift */; };
		C10F78E823A3D79200783476 /* CGFloat+Extension.swift in Sources */ = {isa = PBXBuildFile; fileRef = C10F78D523A3D79200783476 /* CGFloat+Extension.swift */; };
		C10F78E923A3D79200783476 /* Array+Extension.swift in Sources */ = {isa = PBXBuildFile; fileRef = C10F78D623A3D79200783476 /* Array+Extension.swift */; };
		C10F78EB23A3DD9A00783476 /* SceneDelegate.swift in Sources */ = {isa = PBXBuildFile; fileRef = C10F78EA23A3DD9A00783476 /* SceneDelegate.swift */; };
		C110AE2823C34E420066C394 /* UpdatePasswordViewController.swift in Sources */ = {isa = PBXBuildFile; fileRef = C110AE2723C34E420066C394 /* UpdatePasswordViewController.swift */; };
		C110AE2A23C34E770066C394 /* UpdatePasswordViewModel.swift in Sources */ = {isa = PBXBuildFile; fileRef = C110AE2923C34E770066C394 /* UpdatePasswordViewModel.swift */; };
		C111931F23CF523D007E2866 /* Coordinator+Home.swift in Sources */ = {isa = PBXBuildFile; fileRef = C111931E23CF523D007E2866 /* Coordinator+Home.swift */; };
		C111932123CF56B7007E2866 /* AddShiftViewController.swift in Sources */ = {isa = PBXBuildFile; fileRef = C111932023CF56B7007E2866 /* AddShiftViewController.swift */; };
		C111932323CF6008007E2866 /* AddShiftViewModel.swift in Sources */ = {isa = PBXBuildFile; fileRef = C111932223CF6008007E2866 /* AddShiftViewModel.swift */; };
		C12D289823A536BC004BC57A /* LoginNetworking.swift in Sources */ = {isa = PBXBuildFile; fileRef = C12D289723A536BC004BC57A /* LoginNetworking.swift */; };
		C13105E723B0ADF200A509D9 /* User.swift in Sources */ = {isa = PBXBuildFile; fileRef = C13105E623B0ADF200A509D9 /* User.swift */; };
		C133DE5223C871A90096F5B2 /* UpdatePasswordNetworking.swift in Sources */ = {isa = PBXBuildFile; fileRef = C133DE5123C871A90096F5B2 /* UpdatePasswordNetworking.swift */; };
		C133DE5423C89F2A0096F5B2 /* Response.swift in Sources */ = {isa = PBXBuildFile; fileRef = C133DE5323C89F2A0096F5B2 /* Response.swift */; };
		C137F48223B8B6AC00358E30 /* RegisterNetworking.swift in Sources */ = {isa = PBXBuildFile; fileRef = C137F48123B8B6AC00358E30 /* RegisterNetworking.swift */; };
		C138411223C5C58100A347F9 /* UserFactory.swift in Sources */ = {isa = PBXBuildFile; fileRef = C138411123C5C58100A347F9 /* UserFactory.swift */; };
		C138411423C5DA3E00A347F9 /* UpdatePersonalInfoNetworking.swift in Sources */ = {isa = PBXBuildFile; fileRef = C138411323C5DA3E00A347F9 /* UpdatePersonalInfoNetworking.swift */; };
		C13B4B1223BF8A62006E1E0E /* FirebaseDocumentResponeObject.swift in Sources */ = {isa = PBXBuildFile; fileRef = C13B4B1123BF8A62006E1E0E /* FirebaseDocumentResponeObject.swift */; };
		C13C412023AB93D600B674E9 /* FirebaseResponseObject.swift in Sources */ = {isa = PBXBuildFile; fileRef = C13C411F23AB93D600B674E9 /* FirebaseResponseObject.swift */; };
		C13C412223ABBC4100B674E9 /* ActivityViewController.swift in Sources */ = {isa = PBXBuildFile; fileRef = C13C412123ABBC4100B674E9 /* ActivityViewController.swift */; };
		C13C412423ABBC5400B674E9 /* ActivityViewModel.swift in Sources */ = {isa = PBXBuildFile; fileRef = C13C412323ABBC5400B674E9 /* ActivityViewModel.swift */; };
		C13C412623ABBC7000B674E9 /* SettingsViewController.swift in Sources */ = {isa = PBXBuildFile; fileRef = C13C412523ABBC7000B674E9 /* SettingsViewController.swift */; };
		C13C412823ABBC8900B674E9 /* SettingsViewModel.swift in Sources */ = {isa = PBXBuildFile; fileRef = C13C412723ABBC8900B674E9 /* SettingsViewModel.swift */; };
		C146991223A112F100A84818 /* AppDelegate.swift in Sources */ = {isa = PBXBuildFile; fileRef = C146991123A112F100A84818 /* AppDelegate.swift */; };
		C146991B23A112F200A84818 /* Assets.xcassets in Resources */ = {isa = PBXBuildFile; fileRef = C146991A23A112F200A84818 /* Assets.xcassets */; };
		C146991E23A112F200A84818 /* LaunchScreen.storyboard in Resources */ = {isa = PBXBuildFile; fileRef = C146991C23A112F200A84818 /* LaunchScreen.storyboard */; };
		C146992C23A11D5200A84818 /* LoginViewController.swift in Sources */ = {isa = PBXBuildFile; fileRef = C146992B23A11D5200A84818 /* LoginViewController.swift */; };
		C146992E23A11DBE00A84818 /* LoginViewModel.swift in Sources */ = {isa = PBXBuildFile; fileRef = C146992D23A11DBE00A84818 /* LoginViewModel.swift */; };
		C1480A6023A7672D00437772 /* GoogleService-Info.plist in Resources */ = {isa = PBXBuildFile; fileRef = C1480A5F23A7672D00437772 /* GoogleService-Info.plist */; };
		C16A2EF123A77B1200CBA43F /* Coordinator.swift in Sources */ = {isa = PBXBuildFile; fileRef = C16A2EF023A77B1200CBA43F /* Coordinator.swift */; };
		C16A2EF323A784A700CBA43F /* RegisterViewController.swift in Sources */ = {isa = PBXBuildFile; fileRef = C16A2EF223A784A700CBA43F /* RegisterViewController.swift */; };
		C16A2EF523A7853800CBA43F /* RegisterViewModel.swift in Sources */ = {isa = PBXBuildFile; fileRef = C16A2EF423A7853800CBA43F /* RegisterViewModel.swift */; };
		C1707B1A23F17605002E1A10 /* Formatter.swift in Sources */ = {isa = PBXBuildFile; fileRef = C1707B1923F17605002E1A10 /* Formatter.swift */; };
		C1707B1C23F18AE3002E1A10 /* HomeNetworking.swift in Sources */ = {isa = PBXBuildFile; fileRef = C1707B1B23F18AE3002E1A10 /* HomeNetworking.swift */; };
		C1707B1E23F19022002E1A10 /* Coordinator+AddShift.swift in Sources */ = {isa = PBXBuildFile; fileRef = C1707B1D23F19022002E1A10 /* Coordinator+AddShift.swift */; };
		C1707B2023F190AE002E1A10 /* DescriptionViewController.swift in Sources */ = {isa = PBXBuildFile; fileRef = C1707B1F23F190AE002E1A10 /* DescriptionViewController.swift */; };
		C1707B2223F19129002E1A10 /* DescriptionViewModel.swift in Sources */ = {isa = PBXBuildFile; fileRef = C1707B2123F19129002E1A10 /* DescriptionViewModel.swift */; };
		C198B8EF23B0CACA00FBD3C6 /* Coordinator+Auth.swift in Sources */ = {isa = PBXBuildFile; fileRef = C198B8EE23B0CACA00FBD3C6 /* Coordinator+Auth.swift */; };
		C198B8F123B0CB4C00FBD3C6 /* Coordinator+Tabbar.swift in Sources */ = {isa = PBXBuildFile; fileRef = C198B8F023B0CB4C00FBD3C6 /* Coordinator+Tabbar.swift */; };
		C198B8F423B0CFC100FBD3C6 /* CustomTabBarController.swift in Sources */ = {isa = PBXBuildFile; fileRef = C198B8F323B0CFC100FBD3C6 /* CustomTabBarController.swift */; };
		C198B8F623B0D57C00FBD3C6 /* UnpauseError.swift in Sources */ = {isa = PBXBuildFile; fileRef = C198B8F523B0D57C00FBD3C6 /* UnpauseError.swift */; };
		C1B0B2B323B0BF9700CE5D05 /* SessionManager.swift in Sources */ = {isa = PBXBuildFile; fileRef = C1B0B2B223B0BF9700CE5D05 /* SessionManager.swift */; };
		C1C41B7623A9594F009288CA /* UITextField+Extension.swift in Sources */ = {isa = PBXBuildFile; fileRef = C1C41B7523A9594F009288CA /* UITextField+Extension.swift */; };
		C1FBC46D23AA51E100579913 /* HomeViewController.swift in Sources */ = {isa = PBXBuildFile; fileRef = C1FBC46C23AA51E100579913 /* HomeViewController.swift */; };
		C1FBC46F23AA521C00579913 /* HomeViewModel.swift in Sources */ = {isa = PBXBuildFile; fileRef = C1FBC46E23AA521C00579913 /* HomeViewModel.swift */; };
		C1FF2A8A23C4B0E500ACCF29 /* UpdatePersonalInfoViewController.swift in Sources */ = {isa = PBXBuildFile; fileRef = C1FF2A8923C4B0E500ACCF29 /* UpdatePersonalInfoViewController.swift */; };
		C1FF2A8C23C4B14200ACCF29 /* UpdatePersonalInfoViewModel.swift in Sources */ = {isa = PBXBuildFile; fileRef = C1FF2A8B23C4B14200ACCF29 /* UpdatePersonalInfoViewModel.swift */; };
		C1FF2A8E23C4B3EA00ACCF29 /* Coordinator+Settings.swift in Sources */ = {isa = PBXBuildFile; fileRef = C1FF2A8D23C4B3EA00ACCF29 /* Coordinator+Settings.swift */; };
/* End PBXBuildFile section */

/* Begin PBXFileReference section */
		7A22B2694C577AAD4753E790 /* Pods-Unpause.release.xcconfig */ = {isa = PBXFileReference; includeInIndex = 1; lastKnownFileType = text.xcconfig; name = "Pods-Unpause.release.xcconfig"; path = "Target Support Files/Pods-Unpause/Pods-Unpause.release.xcconfig"; sourceTree = "<group>"; };
		C102D7B923ACCFB4000B9E80 /* Colors.xcassets */ = {isa = PBXFileReference; lastKnownFileType = folder.assetcatalog; path = Colors.xcassets; sourceTree = "<group>"; };
		C102D7BE23AD0063000B9E80 /* OrangeButton.swift */ = {isa = PBXFileReference; lastKnownFileType = sourcecode.swift; path = OrangeButton.swift; sourceTree = "<group>"; };
		C10F78BF23A3D50000783476 /* Colors.xcassets */ = {isa = PBXFileReference; lastKnownFileType = folder.assetcatalog; name = Colors.xcassets; path = "/Users/kresimir_bakovic/Codable Studio/unpause-ios/Unpause/Unpause/Supporting Files/Colors.xcassets"; sourceTree = "<absolute>"; };
		C10F78C223A3D79200783476 /* ActivityIndicator.swift */ = {isa = PBXFileReference; fileEncoding = 4; lastKnownFileType = sourcecode.swift; path = ActivityIndicator.swift; sourceTree = "<group>"; };
		C10F78C423A3D79200783476 /* UIImageView+Extension.swift */ = {isa = PBXFileReference; fileEncoding = 4; lastKnownFileType = sourcecode.swift; path = "UIImageView+Extension.swift"; sourceTree = "<group>"; };
		C10F78C523A3D79200783476 /* UIFont+Extension.swift */ = {isa = PBXFileReference; fileEncoding = 4; lastKnownFileType = sourcecode.swift; path = "UIFont+Extension.swift"; sourceTree = "<group>"; };
		C10F78C623A3D79200783476 /* UIColor+Extension.swift */ = {isa = PBXFileReference; fileEncoding = 4; lastKnownFileType = sourcecode.swift; path = "UIColor+Extension.swift"; sourceTree = "<group>"; };
		C10F78C723A3D79200783476 /* UILabel+Extension.swift */ = {isa = PBXFileReference; fileEncoding = 4; lastKnownFileType = sourcecode.swift; path = "UILabel+Extension.swift"; sourceTree = "<group>"; };
		C10F78C823A3D79200783476 /* Thread+Extension.swift */ = {isa = PBXFileReference; fileEncoding = 4; lastKnownFileType = sourcecode.swift; path = "Thread+Extension.swift"; sourceTree = "<group>"; };
		C10F78C923A3D79200783476 /* UIButton+Extension.swift */ = {isa = PBXFileReference; fileEncoding = 4; lastKnownFileType = sourcecode.swift; path = "UIButton+Extension.swift"; sourceTree = "<group>"; };
		C10F78CA23A3D79200783476 /* ObservableType+Extension.swift */ = {isa = PBXFileReference; fileEncoding = 4; lastKnownFileType = sourcecode.swift; path = "ObservableType+Extension.swift"; sourceTree = "<group>"; };
		C10F78CB23A3D79200783476 /* UIView+Extension.swift */ = {isa = PBXFileReference; fileEncoding = 4; lastKnownFileType = sourcecode.swift; path = "UIView+Extension.swift"; sourceTree = "<group>"; };
		C10F78CC23A3D79200783476 /* UIImage+Extension.swift */ = {isa = PBXFileReference; fileEncoding = 4; lastKnownFileType = sourcecode.swift; path = "UIImage+Extension.swift"; sourceTree = "<group>"; };
		C10F78CD23A3D79200783476 /* UIViewController+Extension.swift */ = {isa = PBXFileReference; fileEncoding = 4; lastKnownFileType = sourcecode.swift; path = "UIViewController+Extension.swift"; sourceTree = "<group>"; };
		C10F78CE23A3D79200783476 /* UIScreen+Extension.swift */ = {isa = PBXFileReference; fileEncoding = 4; lastKnownFileType = sourcecode.swift; path = "UIScreen+Extension.swift"; sourceTree = "<group>"; };
		C10F78CF23A3D79200783476 /* Bool+Extension.swift */ = {isa = PBXFileReference; fileEncoding = 4; lastKnownFileType = sourcecode.swift; path = "Bool+Extension.swift"; sourceTree = "<group>"; };
		C10F78D023A3D79200783476 /* UIStackView+Extension.swift */ = {isa = PBXFileReference; fileEncoding = 4; lastKnownFileType = sourcecode.swift; path = "UIStackView+Extension.swift"; sourceTree = "<group>"; };
		C10F78D123A3D79200783476 /* UIScrollView+Extension.swift */ = {isa = PBXFileReference; fileEncoding = 4; lastKnownFileType = sourcecode.swift; path = "UIScrollView+Extension.swift"; sourceTree = "<group>"; };
		C10F78D223A3D79200783476 /* CGSize+Extension.swift */ = {isa = PBXFileReference; fileEncoding = 4; lastKnownFileType = sourcecode.swift; path = "CGSize+Extension.swift"; sourceTree = "<group>"; };
		C10F78D423A3D79200783476 /* UIButton+Rx.swift */ = {isa = PBXFileReference; fileEncoding = 4; lastKnownFileType = sourcecode.swift; path = "UIButton+Rx.swift"; sourceTree = "<group>"; };
		C10F78D523A3D79200783476 /* CGFloat+Extension.swift */ = {isa = PBXFileReference; fileEncoding = 4; lastKnownFileType = sourcecode.swift; path = "CGFloat+Extension.swift"; sourceTree = "<group>"; };
		C10F78D623A3D79200783476 /* Array+Extension.swift */ = {isa = PBXFileReference; fileEncoding = 4; lastKnownFileType = sourcecode.swift; path = "Array+Extension.swift"; sourceTree = "<group>"; };
		C10F78EA23A3DD9A00783476 /* SceneDelegate.swift */ = {isa = PBXFileReference; lastKnownFileType = sourcecode.swift; path = SceneDelegate.swift; sourceTree = "<group>"; };
		C110AE2723C34E420066C394 /* UpdatePasswordViewController.swift */ = {isa = PBXFileReference; lastKnownFileType = sourcecode.swift; path = UpdatePasswordViewController.swift; sourceTree = "<group>"; };
		C110AE2923C34E770066C394 /* UpdatePasswordViewModel.swift */ = {isa = PBXFileReference; lastKnownFileType = sourcecode.swift; path = UpdatePasswordViewModel.swift; sourceTree = "<group>"; };
		C111931E23CF523D007E2866 /* Coordinator+Home.swift */ = {isa = PBXFileReference; lastKnownFileType = sourcecode.swift; path = "Coordinator+Home.swift"; sourceTree = "<group>"; };
		C111932023CF56B7007E2866 /* AddShiftViewController.swift */ = {isa = PBXFileReference; lastKnownFileType = sourcecode.swift; path = AddShiftViewController.swift; sourceTree = "<group>"; };
		C111932223CF6008007E2866 /* AddShiftViewModel.swift */ = {isa = PBXFileReference; lastKnownFileType = sourcecode.swift; path = AddShiftViewModel.swift; sourceTree = "<group>"; };
		C12D289723A536BC004BC57A /* LoginNetworking.swift */ = {isa = PBXFileReference; lastKnownFileType = sourcecode.swift; path = LoginNetworking.swift; sourceTree = "<group>"; };
		C13105E623B0ADF200A509D9 /* User.swift */ = {isa = PBXFileReference; lastKnownFileType = sourcecode.swift; path = User.swift; sourceTree = "<group>"; };
		C133DE5123C871A90096F5B2 /* UpdatePasswordNetworking.swift */ = {isa = PBXFileReference; lastKnownFileType = sourcecode.swift; path = UpdatePasswordNetworking.swift; sourceTree = "<group>"; };
		C133DE5323C89F2A0096F5B2 /* Response.swift */ = {isa = PBXFileReference; lastKnownFileType = sourcecode.swift; path = Response.swift; sourceTree = "<group>"; };
		C137F48123B8B6AC00358E30 /* RegisterNetworking.swift */ = {isa = PBXFileReference; lastKnownFileType = sourcecode.swift; path = RegisterNetworking.swift; sourceTree = "<group>"; };
		C138411123C5C58100A347F9 /* UserFactory.swift */ = {isa = PBXFileReference; lastKnownFileType = sourcecode.swift; path = UserFactory.swift; sourceTree = "<group>"; };
		C138411323C5DA3E00A347F9 /* UpdatePersonalInfoNetworking.swift */ = {isa = PBXFileReference; lastKnownFileType = sourcecode.swift; path = UpdatePersonalInfoNetworking.swift; sourceTree = "<group>"; };
		C13B4B1123BF8A62006E1E0E /* FirebaseDocumentResponeObject.swift */ = {isa = PBXFileReference; lastKnownFileType = sourcecode.swift; path = FirebaseDocumentResponeObject.swift; sourceTree = "<group>"; };
		C13C411F23AB93D600B674E9 /* FirebaseResponseObject.swift */ = {isa = PBXFileReference; lastKnownFileType = sourcecode.swift; path = FirebaseResponseObject.swift; sourceTree = "<group>"; };
		C13C412123ABBC4100B674E9 /* ActivityViewController.swift */ = {isa = PBXFileReference; lastKnownFileType = sourcecode.swift; path = ActivityViewController.swift; sourceTree = "<group>"; };
		C13C412323ABBC5400B674E9 /* ActivityViewModel.swift */ = {isa = PBXFileReference; lastKnownFileType = sourcecode.swift; path = ActivityViewModel.swift; sourceTree = "<group>"; };
		C13C412523ABBC7000B674E9 /* SettingsViewController.swift */ = {isa = PBXFileReference; lastKnownFileType = sourcecode.swift; path = SettingsViewController.swift; sourceTree = "<group>"; };
		C13C412723ABBC8900B674E9 /* SettingsViewModel.swift */ = {isa = PBXFileReference; lastKnownFileType = sourcecode.swift; path = SettingsViewModel.swift; sourceTree = "<group>"; };
		C146990E23A112F100A84818 /* Unpause.app */ = {isa = PBXFileReference; explicitFileType = wrapper.application; includeInIndex = 0; path = Unpause.app; sourceTree = BUILT_PRODUCTS_DIR; };
		C146991123A112F100A84818 /* AppDelegate.swift */ = {isa = PBXFileReference; lastKnownFileType = sourcecode.swift; path = AppDelegate.swift; sourceTree = "<group>"; };
		C146991A23A112F200A84818 /* Assets.xcassets */ = {isa = PBXFileReference; lastKnownFileType = folder.assetcatalog; path = Assets.xcassets; sourceTree = "<group>"; };
		C146991D23A112F200A84818 /* Base */ = {isa = PBXFileReference; lastKnownFileType = file.storyboard; name = Base; path = Base.lproj/LaunchScreen.storyboard; sourceTree = "<group>"; };
		C146991F23A112F200A84818 /* Info.plist */ = {isa = PBXFileReference; lastKnownFileType = text.plist.xml; name = Info.plist; path = "Supporting Files/Info.plist"; sourceTree = "<group>"; };
		C146992B23A11D5200A84818 /* LoginViewController.swift */ = {isa = PBXFileReference; lastKnownFileType = sourcecode.swift; path = LoginViewController.swift; sourceTree = "<group>"; };
		C146992D23A11DBE00A84818 /* LoginViewModel.swift */ = {isa = PBXFileReference; lastKnownFileType = sourcecode.swift; path = LoginViewModel.swift; sourceTree = "<group>"; };
		C1480A5F23A7672D00437772 /* GoogleService-Info.plist */ = {isa = PBXFileReference; fileEncoding = 4; lastKnownFileType = text.plist.xml; path = "GoogleService-Info.plist"; sourceTree = "<group>"; };
		C16A2EF023A77B1200CBA43F /* Coordinator.swift */ = {isa = PBXFileReference; lastKnownFileType = sourcecode.swift; path = Coordinator.swift; sourceTree = "<group>"; };
		C16A2EF223A784A700CBA43F /* RegisterViewController.swift */ = {isa = PBXFileReference; lastKnownFileType = sourcecode.swift; path = RegisterViewController.swift; sourceTree = "<group>"; };
		C16A2EF423A7853800CBA43F /* RegisterViewModel.swift */ = {isa = PBXFileReference; lastKnownFileType = sourcecode.swift; path = RegisterViewModel.swift; sourceTree = "<group>"; };
		C1707B1923F17605002E1A10 /* Formatter.swift */ = {isa = PBXFileReference; lastKnownFileType = sourcecode.swift; path = Formatter.swift; sourceTree = "<group>"; };
		C1707B1B23F18AE3002E1A10 /* HomeNetworking.swift */ = {isa = PBXFileReference; lastKnownFileType = sourcecode.swift; path = HomeNetworking.swift; sourceTree = "<group>"; };
		C1707B1D23F19022002E1A10 /* Coordinator+AddShift.swift */ = {isa = PBXFileReference; lastKnownFileType = sourcecode.swift; path = "Coordinator+AddShift.swift"; sourceTree = "<group>"; };
		C1707B1F23F190AE002E1A10 /* DescriptionViewController.swift */ = {isa = PBXFileReference; lastKnownFileType = sourcecode.swift; path = DescriptionViewController.swift; sourceTree = "<group>"; };
		C1707B2123F19129002E1A10 /* DescriptionViewModel.swift */ = {isa = PBXFileReference; lastKnownFileType = sourcecode.swift; path = DescriptionViewModel.swift; sourceTree = "<group>"; };
		C198B8EE23B0CACA00FBD3C6 /* Coordinator+Auth.swift */ = {isa = PBXFileReference; lastKnownFileType = sourcecode.swift; path = "Coordinator+Auth.swift"; sourceTree = "<group>"; };
		C198B8F023B0CB4C00FBD3C6 /* Coordinator+Tabbar.swift */ = {isa = PBXFileReference; lastKnownFileType = sourcecode.swift; path = "Coordinator+Tabbar.swift"; sourceTree = "<group>"; };
		C198B8F323B0CFC100FBD3C6 /* CustomTabBarController.swift */ = {isa = PBXFileReference; lastKnownFileType = sourcecode.swift; path = CustomTabBarController.swift; sourceTree = "<group>"; };
		C198B8F523B0D57C00FBD3C6 /* UnpauseError.swift */ = {isa = PBXFileReference; lastKnownFileType = sourcecode.swift; path = UnpauseError.swift; sourceTree = "<group>"; };
		C1B0B2B223B0BF9700CE5D05 /* SessionManager.swift */ = {isa = PBXFileReference; lastKnownFileType = sourcecode.swift; path = SessionManager.swift; sourceTree = "<group>"; };
		C1C41B7523A9594F009288CA /* UITextField+Extension.swift */ = {isa = PBXFileReference; lastKnownFileType = sourcecode.swift; path = "UITextField+Extension.swift"; sourceTree = "<group>"; };
		C1FBC46C23AA51E100579913 /* HomeViewController.swift */ = {isa = PBXFileReference; lastKnownFileType = sourcecode.swift; path = HomeViewController.swift; sourceTree = "<group>"; };
		C1FBC46E23AA521C00579913 /* HomeViewModel.swift */ = {isa = PBXFileReference; lastKnownFileType = sourcecode.swift; path = HomeViewModel.swift; sourceTree = "<group>"; };
		C1FF2A8923C4B0E500ACCF29 /* UpdatePersonalInfoViewController.swift */ = {isa = PBXFileReference; lastKnownFileType = sourcecode.swift; path = UpdatePersonalInfoViewController.swift; sourceTree = "<group>"; };
		C1FF2A8B23C4B14200ACCF29 /* UpdatePersonalInfoViewModel.swift */ = {isa = PBXFileReference; lastKnownFileType = sourcecode.swift; path = UpdatePersonalInfoViewModel.swift; sourceTree = "<group>"; };
		C1FF2A8D23C4B3EA00ACCF29 /* Coordinator+Settings.swift */ = {isa = PBXFileReference; lastKnownFileType = sourcecode.swift; path = "Coordinator+Settings.swift"; sourceTree = "<group>"; };
		DE3FC3210F1CDFC45FF7DBE1 /* Pods_Unpause.framework */ = {isa = PBXFileReference; explicitFileType = wrapper.framework; includeInIndex = 0; path = Pods_Unpause.framework; sourceTree = BUILT_PRODUCTS_DIR; };
		F56D7C9D8CB0DE7FF265F229 /* Pods-Unpause.debug.xcconfig */ = {isa = PBXFileReference; includeInIndex = 1; lastKnownFileType = text.xcconfig; name = "Pods-Unpause.debug.xcconfig"; path = "Target Support Files/Pods-Unpause/Pods-Unpause.debug.xcconfig"; sourceTree = "<group>"; };
/* End PBXFileReference section */

/* Begin PBXFrameworksBuildPhase section */
		C146990B23A112F100A84818 /* Frameworks */ = {
			isa = PBXFrameworksBuildPhase;
			buildActionMask = 2147483647;
			files = (
				B2B29F715C80199B18013F95 /* Pods_Unpause.framework in Frameworks */,
			);
			runOnlyForDeploymentPostprocessing = 0;
		};
/* End PBXFrameworksBuildPhase section */

/* Begin PBXGroup section */
		0824E02AECECEDE61A6B389D /* Pods */ = {
			isa = PBXGroup;
			children = (
				F56D7C9D8CB0DE7FF265F229 /* Pods-Unpause.debug.xcconfig */,
				7A22B2694C577AAD4753E790 /* Pods-Unpause.release.xcconfig */,
			);
			path = Pods;
			sourceTree = "<group>";
		};
		C102D7BD23ACFE5C000B9E80 /* CustomUIElements */ = {
			isa = PBXGroup;
			children = (
				C198B8F223B0CF7300FBD3C6 /* UIButtons */,
			);
			path = CustomUIElements;
			sourceTree = "<group>";
		};
		C10F78C023A3D79200783476 /* Library */ = {
			isa = PBXGroup;
			children = (
				C10F78C123A3D79200783476 /* Snippets */,
				C10F78C323A3D79200783476 /* Extensions */,
			);
			path = Library;
			sourceTree = "<group>";
		};
		C10F78C123A3D79200783476 /* Snippets */ = {
			isa = PBXGroup;
			children = (
				C10F78C223A3D79200783476 /* ActivityIndicator.swift */,
			);
			path = Snippets;
			sourceTree = "<group>";
		};
		C10F78C323A3D79200783476 /* Extensions */ = {
			isa = PBXGroup;
			children = (
				C10F78C423A3D79200783476 /* UIImageView+Extension.swift */,
				C10F78C523A3D79200783476 /* UIFont+Extension.swift */,
				C10F78C623A3D79200783476 /* UIColor+Extension.swift */,
				C10F78C723A3D79200783476 /* UILabel+Extension.swift */,
				C10F78C823A3D79200783476 /* Thread+Extension.swift */,
				C10F78C923A3D79200783476 /* UIButton+Extension.swift */,
				C10F78CA23A3D79200783476 /* ObservableType+Extension.swift */,
				C10F78CB23A3D79200783476 /* UIView+Extension.swift */,
				C10F78CC23A3D79200783476 /* UIImage+Extension.swift */,
				C10F78CD23A3D79200783476 /* UIViewController+Extension.swift */,
				C10F78CE23A3D79200783476 /* UIScreen+Extension.swift */,
				C10F78CF23A3D79200783476 /* Bool+Extension.swift */,
				C10F78D023A3D79200783476 /* UIStackView+Extension.swift */,
				C10F78D123A3D79200783476 /* UIScrollView+Extension.swift */,
				C10F78D223A3D79200783476 /* CGSize+Extension.swift */,
				C1C41B7523A9594F009288CA /* UITextField+Extension.swift */,
				C10F78D323A3D79200783476 /* Rx */,
				C10F78D523A3D79200783476 /* CGFloat+Extension.swift */,
				C10F78D623A3D79200783476 /* Array+Extension.swift */,
			);
			path = Extensions;
			sourceTree = "<group>";
		};
		C10F78D323A3D79200783476 /* Rx */ = {
			isa = PBXGroup;
			children = (
				C10F78D423A3D79200783476 /* UIButton+Rx.swift */,
			);
			path = Rx;
			sourceTree = "<group>";
		};
		C13105E823B0B4E600A509D9 /* Services */ = {
			isa = PBXGroup;
			children = (
				C1B0B2B223B0BF9700CE5D05 /* SessionManager.swift */,
				C138411123C5C58100A347F9 /* UserFactory.swift */,
				C1707B1923F17605002E1A10 /* Formatter.swift */,
			);
			path = Services;
			sourceTree = "<group>";
		};
		C146990523A112F100A84818 = {
			isa = PBXGroup;
			children = (
				C102D7B923ACCFB4000B9E80 /* Colors.xcassets */,
				C146991023A112F100A84818 /* Unpause */,
				C146990F23A112F100A84818 /* Products */,
				0824E02AECECEDE61A6B389D /* Pods */,
				E1A48A0D56D7177F3A55A730 /* Frameworks */,
			);
			sourceTree = "<group>";
		};
		C146990F23A112F100A84818 /* Products */ = {
			isa = PBXGroup;
			children = (
				C146990E23A112F100A84818 /* Unpause.app */,
			);
			name = Products;
			sourceTree = "<group>";
		};
		C146991023A112F100A84818 /* Unpause */ = {
			isa = PBXGroup;
			children = (
				C13105E823B0B4E600A509D9 /* Services */,
				C146992A23A1181300A84818 /* Networking */,
				C146992923A1180100A84818 /* Coordinator */,
				C146992823A117C400A84818 /* Models */,
				C146992623A117A600A84818 /* ViewModels */,
				C146992723A117B400A84818 /* Views */,
				C146992523A1132800A84818 /* Supporting Files */,
				C10F78C023A3D79200783476 /* Library */,
				C146991F23A112F200A84818 /* Info.plist */,
				C1480A5F23A7672D00437772 /* GoogleService-Info.plist */,
			);
			path = Unpause;
			sourceTree = "<group>";
		};
		C146992523A1132800A84818 /* Supporting Files */ = {
			isa = PBXGroup;
			children = (
				C146991123A112F100A84818 /* AppDelegate.swift */,
				C10F78EA23A3DD9A00783476 /* SceneDelegate.swift */,
				C146991C23A112F200A84818 /* LaunchScreen.storyboard */,
				C10F78BF23A3D50000783476 /* Colors.xcassets */,
				C146991A23A112F200A84818 /* Assets.xcassets */,
			);
			path = "Supporting Files";
			sourceTree = "<group>";
		};
		C146992623A117A600A84818 /* ViewModels */ = {
			isa = PBXGroup;
			children = (
				C146992D23A11DBE00A84818 /* LoginViewModel.swift */,
				C16A2EF423A7853800CBA43F /* RegisterViewModel.swift */,
				C1FBC46E23AA521C00579913 /* HomeViewModel.swift */,
				C13C412323ABBC5400B674E9 /* ActivityViewModel.swift */,
				C13C412723ABBC8900B674E9 /* SettingsViewModel.swift */,
				C110AE2923C34E770066C394 /* UpdatePasswordViewModel.swift */,
				C1FF2A8B23C4B14200ACCF29 /* UpdatePersonalInfoViewModel.swift */,
				C111932223CF6008007E2866 /* AddShiftViewModel.swift */,
				C1707B2123F19129002E1A10 /* DescriptionViewModel.swift */,
			);
			path = ViewModels;
			sourceTree = "<group>";
		};
		C146992723A117B400A84818 /* Views */ = {
			isa = PBXGroup;
			children = (
				C146992B23A11D5200A84818 /* LoginViewController.swift */,
				C16A2EF223A784A700CBA43F /* RegisterViewController.swift */,
				C1FBC46C23AA51E100579913 /* HomeViewController.swift */,
				C13C412123ABBC4100B674E9 /* ActivityViewController.swift */,
				C13C412523ABBC7000B674E9 /* SettingsViewController.swift */,
				C198B8F323B0CFC100FBD3C6 /* CustomTabBarController.swift */,
				C110AE2723C34E420066C394 /* UpdatePasswordViewController.swift */,
				C1FF2A8923C4B0E500ACCF29 /* UpdatePersonalInfoViewController.swift */,
				C111932023CF56B7007E2866 /* AddShiftViewController.swift */,
				C1707B1F23F190AE002E1A10 /* DescriptionViewController.swift */,
				C102D7BD23ACFE5C000B9E80 /* CustomUIElements */,
			);
			path = Views;
			sourceTree = "<group>";
		};
		C146992823A117C400A84818 /* Models */ = {
			isa = PBXGroup;
			children = (
				C13105E623B0ADF200A509D9 /* User.swift */,
				C13C411F23AB93D600B674E9 /* FirebaseResponseObject.swift */,
				C198B8F523B0D57C00FBD3C6 /* UnpauseError.swift */,
				C13B4B1123BF8A62006E1E0E /* FirebaseDocumentResponeObject.swift */,
				C133DE5323C89F2A0096F5B2 /* Response.swift */,
			);
			path = Models;
			sourceTree = "<group>";
		};
		C146992923A1180100A84818 /* Coordinator */ = {
			isa = PBXGroup;
			children = (
				C16A2EF023A77B1200CBA43F /* Coordinator.swift */,
				C198B8EE23B0CACA00FBD3C6 /* Coordinator+Auth.swift */,
				C198B8F023B0CB4C00FBD3C6 /* Coordinator+Tabbar.swift */,
				C1FF2A8D23C4B3EA00ACCF29 /* Coordinator+Settings.swift */,
				C111931E23CF523D007E2866 /* Coordinator+Home.swift */,
				C1707B1D23F19022002E1A10 /* Coordinator+AddShift.swift */,
			);
			path = Coordinator;
			sourceTree = "<group>";
		};
		C146992A23A1181300A84818 /* Networking */ = {
			isa = PBXGroup;
			children = (
				C12D289723A536BC004BC57A /* LoginNetworking.swift */,
				C137F48123B8B6AC00358E30 /* RegisterNetworking.swift */,
				C138411323C5DA3E00A347F9 /* UpdatePersonalInfoNetworking.swift */,
				C133DE5123C871A90096F5B2 /* UpdatePasswordNetworking.swift */,
				C1707B1B23F18AE3002E1A10 /* HomeNetworking.swift */,
			);
			path = Networking;
			sourceTree = "<group>";
		};
		C198B8F223B0CF7300FBD3C6 /* UIButtons */ = {
			isa = PBXGroup;
			children = (
				C102D7BE23AD0063000B9E80 /* OrangeButton.swift */,
			);
			path = UIButtons;
			sourceTree = "<group>";
		};
		E1A48A0D56D7177F3A55A730 /* Frameworks */ = {
			isa = PBXGroup;
			children = (
				DE3FC3210F1CDFC45FF7DBE1 /* Pods_Unpause.framework */,
			);
			name = Frameworks;
			sourceTree = "<group>";
		};
/* End PBXGroup section */

/* Begin PBXNativeTarget section */
		C146990D23A112F100A84818 /* Unpause */ = {
			isa = PBXNativeTarget;
			buildConfigurationList = C146992223A112F200A84818 /* Build configuration list for PBXNativeTarget "Unpause" */;
			buildPhases = (
				38BA9840FAF4E8903F628582 /* [CP] Check Pods Manifest.lock */,
				C146990A23A112F100A84818 /* Sources */,
				C146990B23A112F100A84818 /* Frameworks */,
				C146990C23A112F100A84818 /* Resources */,
				B6E8912715F3866E414313B2 /* [CP] Embed Pods Frameworks */,
				698546726C454E1A528ABEE4 /* [CP] Copy Pods Resources */,
			);
			buildRules = (
			);
			dependencies = (
			);
			name = Unpause;
			productName = Unpause;
			productReference = C146990E23A112F100A84818 /* Unpause.app */;
			productType = "com.apple.product-type.application";
		};
/* End PBXNativeTarget section */

/* Begin PBXProject section */
		C146990623A112F100A84818 /* Project object */ = {
			isa = PBXProject;
			attributes = {
				LastSwiftUpdateCheck = 1120;
				LastUpgradeCheck = 1120;
				ORGANIZATIONNAME = "Krešimir Baković";
				TargetAttributes = {
					C146990D23A112F100A84818 = {
						CreatedOnToolsVersion = 11.2.1;
					};
				};
			};
			buildConfigurationList = C146990923A112F100A84818 /* Build configuration list for PBXProject "Unpause" */;
			compatibilityVersion = "Xcode 9.3";
			developmentRegion = en;
			hasScannedForEncodings = 0;
			knownRegions = (
				en,
				Base,
			);
			mainGroup = C146990523A112F100A84818;
			productRefGroup = C146990F23A112F100A84818 /* Products */;
			projectDirPath = "";
			projectRoot = "";
			targets = (
				C146990D23A112F100A84818 /* Unpause */,
			);
		};
/* End PBXProject section */

/* Begin PBXResourcesBuildPhase section */
		C146990C23A112F100A84818 /* Resources */ = {
			isa = PBXResourcesBuildPhase;
			buildActionMask = 2147483647;
			files = (
				C146991E23A112F200A84818 /* LaunchScreen.storyboard in Resources */,
				C102D7BA23ACCFB4000B9E80 /* Colors.xcassets in Resources */,
				C146991B23A112F200A84818 /* Assets.xcassets in Resources */,
				C1480A6023A7672D00437772 /* GoogleService-Info.plist in Resources */,
			);
			runOnlyForDeploymentPostprocessing = 0;
		};
/* End PBXResourcesBuildPhase section */

/* Begin PBXShellScriptBuildPhase section */
		38BA9840FAF4E8903F628582 /* [CP] Check Pods Manifest.lock */ = {
			isa = PBXShellScriptBuildPhase;
			buildActionMask = 2147483647;
			files = (
			);
			inputFileListPaths = (
			);
			inputPaths = (
				"${PODS_PODFILE_DIR_PATH}/Podfile.lock",
				"${PODS_ROOT}/Manifest.lock",
			);
			name = "[CP] Check Pods Manifest.lock";
			outputFileListPaths = (
			);
			outputPaths = (
				"$(DERIVED_FILE_DIR)/Pods-Unpause-checkManifestLockResult.txt",
			);
			runOnlyForDeploymentPostprocessing = 0;
			shellPath = /bin/sh;
			shellScript = "diff \"${PODS_PODFILE_DIR_PATH}/Podfile.lock\" \"${PODS_ROOT}/Manifest.lock\" > /dev/null\nif [ $? != 0 ] ; then\n    # print error to STDERR\n    echo \"error: The sandbox is not in sync with the Podfile.lock. Run 'pod install' or update your CocoaPods installation.\" >&2\n    exit 1\nfi\n# This output is used by Xcode 'outputs' to avoid re-running this script phase.\necho \"SUCCESS\" > \"${SCRIPT_OUTPUT_FILE_0}\"\n";
			showEnvVarsInLog = 0;
		};
		698546726C454E1A528ABEE4 /* [CP] Copy Pods Resources */ = {
			isa = PBXShellScriptBuildPhase;
			buildActionMask = 2147483647;
			files = (
			);
			inputFileListPaths = (
				"${PODS_ROOT}/Target Support Files/Pods-Unpause/Pods-Unpause-resources-${CONFIGURATION}-input-files.xcfilelist",
			);
			name = "[CP] Copy Pods Resources";
			outputFileListPaths = (
				"${PODS_ROOT}/Target Support Files/Pods-Unpause/Pods-Unpause-resources-${CONFIGURATION}-output-files.xcfilelist",
			);
			runOnlyForDeploymentPostprocessing = 0;
			shellPath = /bin/sh;
			shellScript = "\"${PODS_ROOT}/Target Support Files/Pods-Unpause/Pods-Unpause-resources.sh\"\n";
			showEnvVarsInLog = 0;
		};
		B6E8912715F3866E414313B2 /* [CP] Embed Pods Frameworks */ = {
			isa = PBXShellScriptBuildPhase;
			buildActionMask = 2147483647;
			files = (
			);
			inputFileListPaths = (
				"${PODS_ROOT}/Target Support Files/Pods-Unpause/Pods-Unpause-frameworks-${CONFIGURATION}-input-files.xcfilelist",
			);
			name = "[CP] Embed Pods Frameworks";
			outputFileListPaths = (
				"${PODS_ROOT}/Target Support Files/Pods-Unpause/Pods-Unpause-frameworks-${CONFIGURATION}-output-files.xcfilelist",
			);
			runOnlyForDeploymentPostprocessing = 0;
			shellPath = /bin/sh;
			shellScript = "\"${PODS_ROOT}/Target Support Files/Pods-Unpause/Pods-Unpause-frameworks.sh\"\n";
			showEnvVarsInLog = 0;
		};
/* End PBXShellScriptBuildPhase section */

/* Begin PBXSourcesBuildPhase section */
		C146990A23A112F100A84818 /* Sources */ = {
			isa = PBXSourcesBuildPhase;
			buildActionMask = 2147483647;
			files = (
				C198B8F623B0D57C00FBD3C6 /* UnpauseError.swift in Sources */,
				C10F78E023A3D79200783476 /* UIImage+Extension.swift in Sources */,
				C110AE2823C34E420066C394 /* UpdatePasswordViewController.swift in Sources */,
				C137F48223B8B6AC00358E30 /* RegisterNetworking.swift in Sources */,
				C16A2EF123A77B1200CBA43F /* Coordinator.swift in Sources */,
				C111932323CF6008007E2866 /* AddShiftViewModel.swift in Sources */,
				C1FF2A8E23C4B3EA00ACCF29 /* Coordinator+Settings.swift in Sources */,
				C10F78DB23A3D79200783476 /* UILabel+Extension.swift in Sources */,
				C13B4B1223BF8A62006E1E0E /* FirebaseDocumentResponeObject.swift in Sources */,
				C13C412223ABBC4100B674E9 /* ActivityViewController.swift in Sources */,
				C10F78DA23A3D79200783476 /* UIColor+Extension.swift in Sources */,
				C12D289823A536BC004BC57A /* LoginNetworking.swift in Sources */,
				C1FBC46D23AA51E100579913 /* HomeViewController.swift in Sources */,
				C13C412023AB93D600B674E9 /* FirebaseResponseObject.swift in Sources */,
				C10F78E923A3D79200783476 /* Array+Extension.swift in Sources */,
				C10F78E323A3D79200783476 /* Bool+Extension.swift in Sources */,
				C111932123CF56B7007E2866 /* AddShiftViewController.swift in Sources */,
				C10F78D923A3D79200783476 /* UIFont+Extension.swift in Sources */,
				C10F78EB23A3DD9A00783476 /* SceneDelegate.swift in Sources */,
				C111931F23CF523D007E2866 /* Coordinator+Home.swift in Sources */,
				C10F78E823A3D79200783476 /* CGFloat+Extension.swift in Sources */,
				C1FF2A8C23C4B14200ACCF29 /* UpdatePersonalInfoViewModel.swift in Sources */,
				C10F78E123A3D79200783476 /* UIViewController+Extension.swift in Sources */,
				C1C41B7623A9594F009288CA /* UITextField+Extension.swift in Sources */,
				C1707B1C23F18AE3002E1A10 /* HomeNetworking.swift in Sources */,
				C133DE5423C89F2A0096F5B2 /* Response.swift in Sources */,
				C10F78DD23A3D79200783476 /* UIButton+Extension.swift in Sources */,
				C10F78E423A3D79200783476 /* UIStackView+Extension.swift in Sources */,
				C10F78D823A3D79200783476 /* UIImageView+Extension.swift in Sources */,
				C1707B1E23F19022002E1A10 /* Coordinator+AddShift.swift in Sources */,
				C10F78D723A3D79200783476 /* ActivityIndicator.swift in Sources */,
				C10F78DF23A3D79200783476 /* UIView+Extension.swift in Sources */,
				C102D7BF23AD0063000B9E80 /* OrangeButton.swift in Sources */,
				C1707B2023F190AE002E1A10 /* DescriptionViewController.swift in Sources */,
				C13C412823ABBC8900B674E9 /* SettingsViewModel.swift in Sources */,
				C1B0B2B323B0BF9700CE5D05 /* SessionManager.swift in Sources */,
				C16A2EF523A7853800CBA43F /* RegisterViewModel.swift in Sources */,
				C13105E723B0ADF200A509D9 /* User.swift in Sources */,
				C146992E23A11DBE00A84818 /* LoginViewModel.swift in Sources */,
				C110AE2A23C34E770066C394 /* UpdatePasswordViewModel.swift in Sources */,
				C1707B2223F19129002E1A10 /* DescriptionViewModel.swift in Sources */,
				C10F78DC23A3D79200783476 /* Thread+Extension.swift in Sources */,
				C10F78E623A3D79200783476 /* CGSize+Extension.swift in Sources */,
				C1707B1A23F17605002E1A10 /* Formatter.swift in Sources */,
				C10F78E523A3D79200783476 /* UIScrollView+Extension.swift in Sources */,
				C198B8EF23B0CACA00FBD3C6 /* Coordinator+Auth.swift in Sources */,
				C1FF2A8A23C4B0E500ACCF29 /* UpdatePersonalInfoViewController.swift in Sources */,
				C198B8F123B0CB4C00FBD3C6 /* Coordinator+Tabbar.swift in Sources */,
				C10F78E223A3D79200783476 /* UIScreen+Extension.swift in Sources */,
				C198B8F423B0CFC100FBD3C6 /* CustomTabBarController.swift in Sources */,
				C146992C23A11D5200A84818 /* LoginViewController.swift in Sources */,
				C10F78DE23A3D79200783476 /* ObservableType+Extension.swift in Sources */,
				C138411423C5DA3E00A347F9 /* UpdatePersonalInfoNetworking.swift in Sources */,
				C138411223C5C58100A347F9 /* UserFactory.swift in Sources */,
				C16A2EF323A784A700CBA43F /* RegisterViewController.swift in Sources */,
				C13C412623ABBC7000B674E9 /* SettingsViewController.swift in Sources */,
				C13C412423ABBC5400B674E9 /* ActivityViewModel.swift in Sources */,
				C146991223A112F100A84818 /* AppDelegate.swift in Sources */,
				C1FBC46F23AA521C00579913 /* HomeViewModel.swift in Sources */,
				C10F78E723A3D79200783476 /* UIButton+Rx.swift in Sources */,
				C133DE5223C871A90096F5B2 /* UpdatePasswordNetworking.swift in Sources */,
			);
			runOnlyForDeploymentPostprocessing = 0;
		};
/* End PBXSourcesBuildPhase section */

/* Begin PBXVariantGroup section */
		C146991C23A112F200A84818 /* LaunchScreen.storyboard */ = {
			isa = PBXVariantGroup;
			children = (
				C146991D23A112F200A84818 /* Base */,
			);
			name = LaunchScreen.storyboard;
			sourceTree = "<group>";
		};
/* End PBXVariantGroup section */

/* Begin XCBuildConfiguration section */
		C146992023A112F200A84818 /* Debug */ = {
			isa = XCBuildConfiguration;
			buildSettings = {
				ALWAYS_SEARCH_USER_PATHS = NO;
				CLANG_ANALYZER_NONNULL = YES;
				CLANG_ANALYZER_NUMBER_OBJECT_CONVERSION = YES_AGGRESSIVE;
				CLANG_CXX_LANGUAGE_STANDARD = "gnu++14";
				CLANG_CXX_LIBRARY = "libc++";
				CLANG_ENABLE_MODULES = YES;
				CLANG_ENABLE_OBJC_ARC = YES;
				CLANG_ENABLE_OBJC_WEAK = YES;
				CLANG_WARN_BLOCK_CAPTURE_AUTORELEASING = YES;
				CLANG_WARN_BOOL_CONVERSION = YES;
				CLANG_WARN_COMMA = YES;
				CLANG_WARN_CONSTANT_CONVERSION = YES;
				CLANG_WARN_DEPRECATED_OBJC_IMPLEMENTATIONS = YES;
				CLANG_WARN_DIRECT_OBJC_ISA_USAGE = YES_ERROR;
				CLANG_WARN_DOCUMENTATION_COMMENTS = YES;
				CLANG_WARN_EMPTY_BODY = YES;
				CLANG_WARN_ENUM_CONVERSION = YES;
				CLANG_WARN_INFINITE_RECURSION = YES;
				CLANG_WARN_INT_CONVERSION = YES;
				CLANG_WARN_NON_LITERAL_NULL_CONVERSION = YES;
				CLANG_WARN_OBJC_IMPLICIT_RETAIN_SELF = YES;
				CLANG_WARN_OBJC_LITERAL_CONVERSION = YES;
				CLANG_WARN_OBJC_ROOT_CLASS = YES_ERROR;
				CLANG_WARN_RANGE_LOOP_ANALYSIS = YES;
				CLANG_WARN_STRICT_PROTOTYPES = YES;
				CLANG_WARN_SUSPICIOUS_MOVE = YES;
				CLANG_WARN_UNGUARDED_AVAILABILITY = YES_AGGRESSIVE;
				CLANG_WARN_UNREACHABLE_CODE = YES;
				CLANG_WARN__DUPLICATE_METHOD_MATCH = YES;
				COPY_PHASE_STRIP = NO;
				DEBUG_INFORMATION_FORMAT = dwarf;
				ENABLE_STRICT_OBJC_MSGSEND = YES;
				ENABLE_TESTABILITY = YES;
				GCC_C_LANGUAGE_STANDARD = gnu11;
				GCC_DYNAMIC_NO_PIC = NO;
				GCC_NO_COMMON_BLOCKS = YES;
				GCC_OPTIMIZATION_LEVEL = 0;
				GCC_PREPROCESSOR_DEFINITIONS = (
					"DEBUG=1",
					"$(inherited)",
				);
				GCC_WARN_64_TO_32_BIT_CONVERSION = YES;
				GCC_WARN_ABOUT_RETURN_TYPE = YES_ERROR;
				GCC_WARN_UNDECLARED_SELECTOR = YES;
				GCC_WARN_UNINITIALIZED_AUTOS = YES_AGGRESSIVE;
				GCC_WARN_UNUSED_FUNCTION = YES;
				GCC_WARN_UNUSED_VARIABLE = YES;
				IPHONEOS_DEPLOYMENT_TARGET = 13.2;
				MTL_ENABLE_DEBUG_INFO = INCLUDE_SOURCE;
				MTL_FAST_MATH = YES;
				ONLY_ACTIVE_ARCH = YES;
				SDKROOT = iphoneos;
				SWIFT_ACTIVE_COMPILATION_CONDITIONS = DEBUG;
				SWIFT_OPTIMIZATION_LEVEL = "-Onone";
			};
			name = Debug;
		};
		C146992123A112F200A84818 /* Release */ = {
			isa = XCBuildConfiguration;
			buildSettings = {
				ALWAYS_SEARCH_USER_PATHS = NO;
				CLANG_ANALYZER_NONNULL = YES;
				CLANG_ANALYZER_NUMBER_OBJECT_CONVERSION = YES_AGGRESSIVE;
				CLANG_CXX_LANGUAGE_STANDARD = "gnu++14";
				CLANG_CXX_LIBRARY = "libc++";
				CLANG_ENABLE_MODULES = YES;
				CLANG_ENABLE_OBJC_ARC = YES;
				CLANG_ENABLE_OBJC_WEAK = YES;
				CLANG_WARN_BLOCK_CAPTURE_AUTORELEASING = YES;
				CLANG_WARN_BOOL_CONVERSION = YES;
				CLANG_WARN_COMMA = YES;
				CLANG_WARN_CONSTANT_CONVERSION = YES;
				CLANG_WARN_DEPRECATED_OBJC_IMPLEMENTATIONS = YES;
				CLANG_WARN_DIRECT_OBJC_ISA_USAGE = YES_ERROR;
				CLANG_WARN_DOCUMENTATION_COMMENTS = YES;
				CLANG_WARN_EMPTY_BODY = YES;
				CLANG_WARN_ENUM_CONVERSION = YES;
				CLANG_WARN_INFINITE_RECURSION = YES;
				CLANG_WARN_INT_CONVERSION = YES;
				CLANG_WARN_NON_LITERAL_NULL_CONVERSION = YES;
				CLANG_WARN_OBJC_IMPLICIT_RETAIN_SELF = YES;
				CLANG_WARN_OBJC_LITERAL_CONVERSION = YES;
				CLANG_WARN_OBJC_ROOT_CLASS = YES_ERROR;
				CLANG_WARN_RANGE_LOOP_ANALYSIS = YES;
				CLANG_WARN_STRICT_PROTOTYPES = YES;
				CLANG_WARN_SUSPICIOUS_MOVE = YES;
				CLANG_WARN_UNGUARDED_AVAILABILITY = YES_AGGRESSIVE;
				CLANG_WARN_UNREACHABLE_CODE = YES;
				CLANG_WARN__DUPLICATE_METHOD_MATCH = YES;
				COPY_PHASE_STRIP = NO;
				DEBUG_INFORMATION_FORMAT = "dwarf-with-dsym";
				ENABLE_NS_ASSERTIONS = NO;
				ENABLE_STRICT_OBJC_MSGSEND = YES;
				GCC_C_LANGUAGE_STANDARD = gnu11;
				GCC_NO_COMMON_BLOCKS = YES;
				GCC_WARN_64_TO_32_BIT_CONVERSION = YES;
				GCC_WARN_ABOUT_RETURN_TYPE = YES_ERROR;
				GCC_WARN_UNDECLARED_SELECTOR = YES;
				GCC_WARN_UNINITIALIZED_AUTOS = YES_AGGRESSIVE;
				GCC_WARN_UNUSED_FUNCTION = YES;
				GCC_WARN_UNUSED_VARIABLE = YES;
				IPHONEOS_DEPLOYMENT_TARGET = 13.2;
				MTL_ENABLE_DEBUG_INFO = NO;
				MTL_FAST_MATH = YES;
				SDKROOT = iphoneos;
				SWIFT_COMPILATION_MODE = wholemodule;
				SWIFT_OPTIMIZATION_LEVEL = "-O";
				VALIDATE_PRODUCT = YES;
			};
			name = Release;
		};
		C146992323A112F200A84818 /* Debug */ = {
			isa = XCBuildConfiguration;
			baseConfigurationReference = F56D7C9D8CB0DE7FF265F229 /* Pods-Unpause.debug.xcconfig */;
			buildSettings = {
				ASSETCATALOG_COMPILER_APPICON_NAME = AppIcon;
				CODE_SIGN_IDENTITY = "Apple Development";
				CODE_SIGN_STYLE = Automatic;
				DEVELOPMENT_TEAM = Q2P9VVU3YH;
				INFOPLIST_FILE = Unpause/Info.plist;
				IPHONEOS_DEPLOYMENT_TARGET = 11.0;
				LD_RUNPATH_SEARCH_PATHS = (
					"$(inherited)",
					"@executable_path/Frameworks",
				);
				PRODUCT_BUNDLE_IDENTIFIER = studio.codable.unpause;
				PRODUCT_NAME = "$(TARGET_NAME)";
				PROVISIONING_PROFILE_SPECIFIER = "";
				SWIFT_VERSION = 5.0;
				TARGETED_DEVICE_FAMILY = "1,2";
			};
			name = Debug;
		};
		C146992423A112F200A84818 /* Release */ = {
			isa = XCBuildConfiguration;
			baseConfigurationReference = 7A22B2694C577AAD4753E790 /* Pods-Unpause.release.xcconfig */;
			buildSettings = {
				ASSETCATALOG_COMPILER_APPICON_NAME = AppIcon;
				CODE_SIGN_IDENTITY = "Apple Development";
				CODE_SIGN_STYLE = Automatic;
				DEVELOPMENT_TEAM = Q2P9VVU3YH;
				INFOPLIST_FILE = Unpause/Info.plist;
				IPHONEOS_DEPLOYMENT_TARGET = 11.0;
				LD_RUNPATH_SEARCH_PATHS = (
					"$(inherited)",
					"@executable_path/Frameworks",
				);
				PRODUCT_BUNDLE_IDENTIFIER = studio.codable.unpause;
				PRODUCT_NAME = "$(TARGET_NAME)";
				PROVISIONING_PROFILE_SPECIFIER = "";
				SWIFT_VERSION = 5.0;
				TARGETED_DEVICE_FAMILY = "1,2";
			};
			name = Release;
		};
/* End XCBuildConfiguration section */

/* Begin XCConfigurationList section */
		C146990923A112F100A84818 /* Build configuration list for PBXProject "Unpause" */ = {
			isa = XCConfigurationList;
			buildConfigurations = (
				C146992023A112F200A84818 /* Debug */,
				C146992123A112F200A84818 /* Release */,
			);
			defaultConfigurationIsVisible = 0;
			defaultConfigurationName = Release;
		};
		C146992223A112F200A84818 /* Build configuration list for PBXNativeTarget "Unpause" */ = {
			isa = XCConfigurationList;
			buildConfigurations = (
				C146992323A112F200A84818 /* Debug */,
				C146992423A112F200A84818 /* Release */,
			);
			defaultConfigurationIsVisible = 0;
			defaultConfigurationName = Release;
		};
/* End XCConfigurationList section */
	};
	rootObject = C146990623A112F100A84818 /* Project object */;
}
